
Microsoft Visual Studio Solution File, Format Version 12.00
# Visual Studio 15
Project("{FAE04EC0-301F-11D3-BF4B-00C04F79EFBC}") = "Unity.XR.Interaction.Toolkit.Samples.StarterAssets", "Unity.XR.Interaction.Toolkit.Samples.StarterAssets.csproj", "{5E639E8A-C571-8259-6CDC-5F739CB511BC}"
EndProject
Project("{FAE04EC0-301F-11D3-BF4B-00C04F79EFBC}") = "Unity.XR.Interaction.Toolkit.Samples.ARStarterAssets", "Unity.XR.Interaction.Toolkit.Samples.ARStarterAssets.csproj", "{32B671A5-E428-6C36-C755-AC5ECE7E75F4}"
EndProject
Project("{FAE04EC0-301F-11D3-BF4B-00C04F79EFBC}") = "Unity.XR.Interaction.Toolkit.Samples.StarterAssets.Editor", "Unity.XR.Interaction.Toolkit.Samples.StarterAssets.Editor.csproj", "{35D2AE8F-FB09-6D03-2AA4-DF607FF94385}"
EndProject
Project("{FAE04EC0-301F-11D3-BF4B-00C04F79EFBC}") = "Unity.XR.Interaction.Toolkit.Samples.ARStarterAssets.Editor", "Unity.XR.Interaction.Toolkit.Samples.ARStarterAssets.Editor.csproj", "{79BB0F65-DC05-1C74-D5DF-C11186E83784}"
EndProject
Global
	GlobalSection(SolutionConfigurationPlatforms) = preSolution
		Debug|Any CPU = Debug|Any CPU
		Release|Any CPU = Release|Any CPU
	EndGlobalSection
	GlobalSection(ProjectConfigurationPlatforms) = postSolution
		{5E639E8A-C571-8259-6CDC-5F739CB511BC}.Debug|Any CPU.ActiveCfg = Debug|Any CPU
		{5E639E8A-C571-8259-6CDC-5F739CB511BC}.Debug|Any CPU.Build.0 = Debug|Any CPU
		{5E639E8A-C571-8259-6CDC-5F739CB511BC}.Release|Any CPU.ActiveCfg = Release|Any CPU
		{5E639E8A-C571-8259-6CDC-5F739CB511BC}.Release|Any CPU.Build.0 = Release|Any CPU
		{32B671A5-E428-6C36-C755-AC5ECE7E75F4}.Debug|Any CPU.ActiveCfg = Debug|Any CPU
		{32B671A5-E428-6C36-C755-AC5ECE7E75F4}.Debug|Any CPU.Build.0 = Debug|Any CPU
		{32B671A5-E428-6C36-C755-AC5ECE7E75F4}.Release|Any CPU.ActiveCfg = Release|Any CPU
		{32B671A5-E428-6C36-C755-AC5ECE7E75F4}.Release|Any CPU.Build.0 = Release|Any CPU
		{35D2AE8F-FB09-6D03-2AA4-DF607FF94385}.Debug|Any CPU.ActiveCfg = Debug|Any CPU
		{35D2AE8F-FB09-6D03-2AA4-DF607FF94385}.Debug|Any CPU.Build.0 = Debug|Any CPU
		{35D2AE8F-FB09-6D03-2AA4-DF607FF94385}.Release|Any CPU.ActiveCfg = Release|Any CPU
		{35D2AE8F-FB09-6D03-2AA4-DF607FF94385}.Release|Any CPU.Build.0 = Release|Any CPU
		{79BB0F65-DC05-1C74-D5DF-C11186E83784}.Debug|Any CPU.ActiveCfg = Debug|Any CPU
		{79BB0F65-DC05-1C74-D5DF-C11186E83784}.Debug|Any CPU.Build.0 = Debug|Any CPU
		{79BB0F65-DC05-1C74-D5DF-C11186E83784}.Release|Any CPU.ActiveCfg = Release|Any CPU
		{79BB0F65-DC05-1C74-D5DF-C11186E83784}.Release|Any CPU.Build.0 = Release|Any CPU
	EndGlobalSection
	GlobalSection(SolutionProperties) = preSolution
		HideSolutionNode = FALSE
	EndGlobalSection
EndGlobal
